// !$*UTF8*$!
{
	archiveVersion = 1;
	classes = {
	};
	objectVersion = 46;
	objects = {

/* Begin PBXBuildFile section */
		928A6EDE18E8B4CA00392A6F /* Foundation.framework in Frameworks */ = {isa = PBXBuildFile; fileRef = 928A6EDD18E8B4CA00392A6F /* Foundation.framework */; };
		928A6EE018E8B4CA00392A6F /* CoreGraphics.framework in Frameworks */ = {isa = PBXBuildFile; fileRef = 928A6EDF18E8B4CA00392A6F /* CoreGraphics.framework */; };
		928A6EE218E8B4CA00392A6F /* UIKit.framework in Frameworks */ = {isa = PBXBuildFile; fileRef = 928A6EE118E8B4CA00392A6F /* UIKit.framework */; };
		928A6EE818E8B4CA00392A6F /* InfoPlist.strings in Resources */ = {isa = PBXBuildFile; fileRef = 928A6EE618E8B4CA00392A6F /* InfoPlist.strings */; };
		928A6EEA18E8B4CA00392A6F /* main.m in Sources */ = {isa = PBXBuildFile; fileRef = 928A6EE918E8B4CA00392A6F /* main.m */; };
		928A6EEE18E8B4CA00392A6F /* AppDelegate.m in Sources */ = {isa = PBXBuildFile; fileRef = 928A6EED18E8B4CA00392A6F /* AppDelegate.m */; };
		928A6EF118E8B4CA00392A6F /* Main.storyboard in Resources */ = {isa = PBXBuildFile; fileRef = 928A6EEF18E8B4CA00392A6F /* Main.storyboard */; };
		928A6EF418E8B4CB00392A6F /* ViewController.m in Sources */ = {isa = PBXBuildFile; fileRef = 928A6EF318E8B4CB00392A6F /* ViewController.m */; };
		928A6EF618E8B4CB00392A6F /* Images.xcassets in Resources */ = {isa = PBXBuildFile; fileRef = 928A6EF518E8B4CB00392A6F /* Images.xcassets */; };
		928A6EFD18E8B4CB00392A6F /* XCTest.framework in Frameworks */ = {isa = PBXBuildFile; fileRef = 928A6EFC18E8B4CB00392A6F /* XCTest.framework */; };
		928A6EFE18E8B4CB00392A6F /* Foundation.framework in Frameworks */ = {isa = PBXBuildFile; fileRef = 928A6EDD18E8B4CA00392A6F /* Foundation.framework */; };
		928A6EFF18E8B4CB00392A6F /* UIKit.framework in Frameworks */ = {isa = PBXBuildFile; fileRef = 928A6EE118E8B4CA00392A6F /* UIKit.framework */; };
		928A6F0718E8B4CB00392A6F /* InfoPlist.strings in Resources */ = {isa = PBXBuildFile; fileRef = 928A6F0518E8B4CB00392A6F /* InfoPlist.strings */; };
		928A6F0918E8B4CB00392A6F /* OpenOnderwijsAPI_objcTests.m in Sources */ = {isa = PBXBuildFile; fileRef = 928A6F0818E8B4CB00392A6F /* OpenOnderwijsAPI_objcTests.m */; };
		928A701718E9442000392A6F /* OpenOnderwijsAPI.framework in Frameworks */ = {isa = PBXBuildFile; fileRef = 928A701618E9442000392A6F /* OpenOnderwijsAPI.framework */; };
		FDCD219AF0354343B74BB1D8 /* libPods-OpenOnderwijsAPI-demo.a in Frameworks */ = {isa = PBXBuildFile; fileRef = 99A20E58E9F242EAABCFD216 /* libPods-OpenOnderwijsAPI-demo.a */; };
/* End PBXBuildFile section */

/* Begin PBXContainerItemProxy section */
		928A6F0018E8B4CB00392A6F /* PBXContainerItemProxy */ = {
			isa = PBXContainerItemProxy;
			containerPortal = 928A6ED218E8B4CA00392A6F /* Project object */;
			proxyType = 1;
			remoteGlobalIDString = 928A6ED918E8B4CA00392A6F;
			remoteInfo = "OpenOnderwijsAPI-objc";
		};
/* End PBXContainerItemProxy section */

/* Begin PBXFileReference section */
		3B2EA48586E24290A4C37EBA /* Pods-OpenOnderwijsAPI-demo.xcconfig */ = {isa = PBXFileReference; includeInIndex = 1; lastKnownFileType = text.xcconfig; name = "Pods-OpenOnderwijsAPI-demo.xcconfig"; path = "../../Pods/Pods-OpenOnderwijsAPI-demo.xcconfig"; sourceTree = "<group>"; };
		928A6EDA18E8B4CA00392A6F /* OpenOnderwijsAPI-demo.app */ = {isa = PBXFileReference; explicitFileType = wrapper.application; includeInIndex = 0; path = "OpenOnderwijsAPI-demo.app"; sourceTree = BUILT_PRODUCTS_DIR; };
		928A6EDD18E8B4CA00392A6F /* Foundation.framework */ = {isa = PBXFileReference; lastKnownFileType = wrapper.framework; name = Foundation.framework; path = System/Library/Frameworks/Foundation.framework; sourceTree = SDKROOT; };
		928A6EDF18E8B4CA00392A6F /* CoreGraphics.framework */ = {isa = PBXFileReference; lastKnownFileType = wrapper.framework; name = CoreGraphics.framework; path = System/Library/Frameworks/CoreGraphics.framework; sourceTree = SDKROOT; };
		928A6EE118E8B4CA00392A6F /* UIKit.framework */ = {isa = PBXFileReference; lastKnownFileType = wrapper.framework; name = UIKit.framework; path = System/Library/Frameworks/UIKit.framework; sourceTree = SDKROOT; };
		928A6EE518E8B4CA00392A6F /* OpenOnderwijsAPI-demo-Info.plist */ = {isa = PBXFileReference; lastKnownFileType = text.plist.xml; path = "OpenOnderwijsAPI-demo-Info.plist"; sourceTree = "<group>"; };
		928A6EE718E8B4CA00392A6F /* en */ = {isa = PBXFileReference; lastKnownFileType = text.plist.strings; name = en; path = en.lproj/InfoPlist.strings; sourceTree = "<group>"; };
		928A6EE918E8B4CA00392A6F /* main.m */ = {isa = PBXFileReference; lastKnownFileType = sourcecode.c.objc; path = main.m; sourceTree = "<group>"; };
		928A6EEB18E8B4CA00392A6F /* OpenOnderwijsAPI-demo-Prefix.pch */ = {isa = PBXFileReference; lastKnownFileType = sourcecode.c.h; path = "OpenOnderwijsAPI-demo-Prefix.pch"; sourceTree = "<group>"; };
		928A6EEC18E8B4CA00392A6F /* AppDelegate.h */ = {isa = PBXFileReference; lastKnownFileType = sourcecode.c.h; path = AppDelegate.h; sourceTree = "<group>"; };
		928A6EED18E8B4CA00392A6F /* AppDelegate.m */ = {isa = PBXFileReference; lastKnownFileType = sourcecode.c.objc; path = AppDelegate.m; sourceTree = "<group>"; };
		928A6EF018E8B4CA00392A6F /* Base */ = {isa = PBXFileReference; lastKnownFileType = file.storyboard; name = Base; path = Base.lproj/Main.storyboard; sourceTree = "<group>"; };
		928A6EF218E8B4CB00392A6F /* ViewController.h */ = {isa = PBXFileReference; lastKnownFileType = sourcecode.c.h; path = ViewController.h; sourceTree = "<group>"; };
		928A6EF318E8B4CB00392A6F /* ViewController.m */ = {isa = PBXFileReference; lastKnownFileType = sourcecode.c.objc; path = ViewController.m; sourceTree = "<group>"; };
		928A6EF518E8B4CB00392A6F /* Images.xcassets */ = {isa = PBXFileReference; lastKnownFileType = folder.assetcatalog; path = Images.xcassets; sourceTree = "<group>"; };
		928A6EFB18E8B4CB00392A6F /* OpenOnderwijsAPI-demoTests.xctest */ = {isa = PBXFileReference; explicitFileType = wrapper.cfbundle; includeInIndex = 0; path = "OpenOnderwijsAPI-demoTests.xctest"; sourceTree = BUILT_PRODUCTS_DIR; };
		928A6EFC18E8B4CB00392A6F /* XCTest.framework */ = {isa = PBXFileReference; lastKnownFileType = wrapper.framework; name = XCTest.framework; path = Library/Frameworks/XCTest.framework; sourceTree = DEVELOPER_DIR; };
		928A6F0418E8B4CB00392A6F /* OpenOnderwijsAPI-demoTests-Info.plist */ = {isa = PBXFileReference; lastKnownFileType = text.plist.xml; path = "OpenOnderwijsAPI-demoTests-Info.plist"; sourceTree = "<group>"; };
		928A6F0618E8B4CB00392A6F /* en */ = {isa = PBXFileReference; lastKnownFileType = text.plist.strings; name = en; path = en.lproj/InfoPlist.strings; sourceTree = "<group>"; };
		928A6F0818E8B4CB00392A6F /* OpenOnderwijsAPI_objcTests.m */ = {isa = PBXFileReference; lastKnownFileType = sourcecode.c.objc; path = OpenOnderwijsAPI_objcTests.m; sourceTree = "<group>"; };
		928A701618E9442000392A6F /* OpenOnderwijsAPI.framework */ = {isa = PBXFileReference; lastKnownFileType = wrapper.framework; name = OpenOnderwijsAPI.framework; path = "../../Library/OpenOnderwijsAPI-objc/Products/OpenOnderwijsAPI.framework"; sourceTree = "<group>"; };
		99A20E58E9F242EAABCFD216 /* libPods-OpenOnderwijsAPI-demo.a */ = {isa = PBXFileReference; explicitFileType = archive.ar; includeInIndex = 0; path = "libPods-OpenOnderwijsAPI-demo.a"; sourceTree = BUILT_PRODUCTS_DIR; };
/* End PBXFileReference section */

/* Begin PBXFrameworksBuildPhase section */
		928A6ED718E8B4CA00392A6F /* Frameworks */ = {
			isa = PBXFrameworksBuildPhase;
			buildActionMask = 2147483647;
			files = (
				928A701718E9442000392A6F /* OpenOnderwijsAPI.framework in Frameworks */,
				928A6EE018E8B4CA00392A6F /* CoreGraphics.framework in Frameworks */,
				928A6EE218E8B4CA00392A6F /* UIKit.framework in Frameworks */,
				928A6EDE18E8B4CA00392A6F /* Foundation.framework in Frameworks */,
				FDCD219AF0354343B74BB1D8 /* libPods-OpenOnderwijsAPI-demo.a in Frameworks */,
			);
			runOnlyForDeploymentPostprocessing = 0;
		};
		928A6EF818E8B4CB00392A6F /* Frameworks */ = {
			isa = PBXFrameworksBuildPhase;
			buildActionMask = 2147483647;
			files = (
				928A6EFD18E8B4CB00392A6F /* XCTest.framework in Frameworks */,
				928A6EFF18E8B4CB00392A6F /* UIKit.framework in Frameworks */,
				928A6EFE18E8B4CB00392A6F /* Foundation.framework in Frameworks */,
			);
			runOnlyForDeploymentPostprocessing = 0;
		};
/* End PBXFrameworksBuildPhase section */

/* Begin PBXGroup section */
		928A6ED118E8B4CA00392A6F = {
			isa = PBXGroup;
			children = (
				928A6EE318E8B4CA00392A6F /* OpenOnderwijsAPI-objc */,
				928A6F0218E8B4CB00392A6F /* OpenOnderwijsAPI-objcTests */,
				928A6EDC18E8B4CA00392A6F /* Frameworks */,
				928A6EDB18E8B4CA00392A6F /* Products */,
				3B2EA48586E24290A4C37EBA /* Pods-OpenOnderwijsAPI-demo.xcconfig */,
			);
			sourceTree = "<group>";
		};
		928A6EDB18E8B4CA00392A6F /* Products */ = {
			isa = PBXGroup;
			children = (
				928A6EDA18E8B4CA00392A6F /* OpenOnderwijsAPI-demo.app */,
				928A6EFB18E8B4CB00392A6F /* OpenOnderwijsAPI-demoTests.xctest */,
			);
			name = Products;
			sourceTree = "<group>";
		};
		928A6EDC18E8B4CA00392A6F /* Frameworks */ = {
			isa = PBXGroup;
			children = (
				928A701618E9442000392A6F /* OpenOnderwijsAPI.framework */,
				928A6EDD18E8B4CA00392A6F /* Foundation.framework */,
				928A6EDF18E8B4CA00392A6F /* CoreGraphics.framework */,
				928A6EE118E8B4CA00392A6F /* UIKit.framework */,
				928A6EFC18E8B4CB00392A6F /* XCTest.framework */,
				99A20E58E9F242EAABCFD216 /* libPods-OpenOnderwijsAPI-demo.a */,
			);
			name = Frameworks;
			sourceTree = "<group>";
		};
		928A6EE318E8B4CA00392A6F /* OpenOnderwijsAPI-objc */ = {
			isa = PBXGroup;
			children = (
				928A6EEC18E8B4CA00392A6F /* AppDelegate.h */,
				928A6EED18E8B4CA00392A6F /* AppDelegate.m */,
				928A6EEF18E8B4CA00392A6F /* Main.storyboard */,
				928A6EF218E8B4CB00392A6F /* ViewController.h */,
				928A6EF318E8B4CB00392A6F /* ViewController.m */,
				928A6EF518E8B4CB00392A6F /* Images.xcassets */,
				928A6EE418E8B4CA00392A6F /* Supporting Files */,
			);
			path = "OpenOnderwijsAPI-objc";
			sourceTree = "<group>";
		};
		928A6EE418E8B4CA00392A6F /* Supporting Files */ = {
			isa = PBXGroup;
			children = (
				928A6EE518E8B4CA00392A6F /* OpenOnderwijsAPI-demo-Info.plist */,
				928A6EE618E8B4CA00392A6F /* InfoPlist.strings */,
				928A6EE918E8B4CA00392A6F /* main.m */,
				928A6EEB18E8B4CA00392A6F /* OpenOnderwijsAPI-demo-Prefix.pch */,
			);
			name = "Supporting Files";
			sourceTree = "<group>";
		};
		928A6F0218E8B4CB00392A6F /* OpenOnderwijsAPI-objcTests */ = {
			isa = PBXGroup;
			children = (
				928A6F0818E8B4CB00392A6F /* OpenOnderwijsAPI_objcTests.m */,
				928A6F0318E8B4CB00392A6F /* Supporting Files */,
			);
			path = "OpenOnderwijsAPI-objcTests";
			sourceTree = "<group>";
		};
		928A6F0318E8B4CB00392A6F /* Supporting Files */ = {
			isa = PBXGroup;
			children = (
				928A6F0418E8B4CB00392A6F /* OpenOnderwijsAPI-demoTests-Info.plist */,
				928A6F0518E8B4CB00392A6F /* InfoPlist.strings */,
			);
			name = "Supporting Files";
			sourceTree = "<group>";
		};
/* End PBXGroup section */

/* Begin PBXNativeTarget section */
		928A6ED918E8B4CA00392A6F /* OpenOnderwijsAPI-demo */ = {
			isa = PBXNativeTarget;
			buildConfigurationList = 928A6F0C18E8B4CB00392A6F /* Build configuration list for PBXNativeTarget "OpenOnderwijsAPI-demo" */;
			buildPhases = (
				12C5781B2C69434286D26F41 /* Check Pods Manifest.lock */,
				928A6ED618E8B4CA00392A6F /* Sources */,
				928A6ED718E8B4CA00392A6F /* Frameworks */,
				928A6ED818E8B4CA00392A6F /* Resources */,
				DE08A153E81145E2B1C9E373 /* Copy Pods Resources */,
			);
			buildRules = (
			);
			dependencies = (
			);
			name = "OpenOnderwijsAPI-demo";
			productName = "OpenOnderwijsAPI-objc";
			productReference = 928A6EDA18E8B4CA00392A6F /* OpenOnderwijsAPI-demo.app */;
			productType = "com.apple.product-type.application";
		};
		928A6EFA18E8B4CB00392A6F /* OpenOnderwijsAPI-demoTests */ = {
			isa = PBXNativeTarget;
			buildConfigurationList = 928A6F0F18E8B4CB00392A6F /* Build configuration list for PBXNativeTarget "OpenOnderwijsAPI-demoTests" */;
			buildPhases = (
				928A6EF718E8B4CB00392A6F /* Sources */,
				928A6EF818E8B4CB00392A6F /* Frameworks */,
				928A6EF918E8B4CB00392A6F /* Resources */,
			);
			buildRules = (
			);
			dependencies = (
				928A6F0118E8B4CB00392A6F /* PBXTargetDependency */,
			);
			name = "OpenOnderwijsAPI-demoTests";
			productName = "OpenOnderwijsAPI-objcTests";
			productReference = 928A6EFB18E8B4CB00392A6F /* OpenOnderwijsAPI-demoTests.xctest */;
			productType = "com.apple.product-type.bundle.unit-test";
		};
/* End PBXNativeTarget section */

/* Begin PBXProject section */
		928A6ED218E8B4CA00392A6F /* Project object */ = {
			isa = PBXProject;
			attributes = {
				CLASSPREFIX = ODA;
				LastUpgradeCheck = 0510;
				ORGANIZATIONNAME = surfnet;
				TargetAttributes = {
					928A6EFA18E8B4CB00392A6F = {
						TestTargetID = 928A6ED918E8B4CA00392A6F;
					};
				};
			};
			buildConfigurationList = 928A6ED518E8B4CA00392A6F /* Build configuration list for PBXProject "OpenOnderwijsAPI-demo" */;
			compatibilityVersion = "Xcode 3.2";
			developmentRegion = English;
			hasScannedForEncodings = 0;
			knownRegions = (
				en,
				Base,
			);
			mainGroup = 928A6ED118E8B4CA00392A6F;
			productRefGroup = 928A6EDB18E8B4CA00392A6F /* Products */;
			projectDirPath = "";
			projectRoot = "";
			targets = (
				928A6ED918E8B4CA00392A6F /* OpenOnderwijsAPI-demo */,
				928A6EFA18E8B4CB00392A6F /* OpenOnderwijsAPI-demoTests */,
			);
		};
/* End PBXProject section */

/* Begin PBXResourcesBuildPhase section */
		928A6ED818E8B4CA00392A6F /* Resources */ = {
			isa = PBXResourcesBuildPhase;
			buildActionMask = 2147483647;
			files = (
				928A6EF618E8B4CB00392A6F /* Images.xcassets in Resources */,
				928A6EE818E8B4CA00392A6F /* InfoPlist.strings in Resources */,
				928A6EF118E8B4CA00392A6F /* Main.storyboard in Resources */,
			);
			runOnlyForDeploymentPostprocessing = 0;
		};
		928A6EF918E8B4CB00392A6F /* Resources */ = {
			isa = PBXResourcesBuildPhase;
			buildActionMask = 2147483647;
			files = (
				928A6F0718E8B4CB00392A6F /* InfoPlist.strings in Resources */,
			);
			runOnlyForDeploymentPostprocessing = 0;
		};
/* End PBXResourcesBuildPhase section */

/* Begin PBXShellScriptBuildPhase section */
		12C5781B2C69434286D26F41 /* Check Pods Manifest.lock */ = {
			isa = PBXShellScriptBuildPhase;
			buildActionMask = 2147483647;
			files = (
			);
			inputPaths = (
			);
			name = "Check Pods Manifest.lock";
			outputPaths = (
			);
			runOnlyForDeploymentPostprocessing = 0;
			shellPath = /bin/sh;
			shellScript = "diff \"${PODS_ROOT}/../Podfile.lock\" \"${PODS_ROOT}/Manifest.lock\" > /dev/null\nif [[ $? != 0 ]] ; then\n    cat << EOM\nerror: The sandbox is not in sync with the Podfile.lock. Run 'pod install' or update your CocoaPods installation.\nEOM\n    exit 1\nfi\n";
			showEnvVarsInLog = 0;
		};
		DE08A153E81145E2B1C9E373 /* Copy Pods Resources */ = {
			isa = PBXShellScriptBuildPhase;
			buildActionMask = 2147483647;
			files = (
			);
			inputPaths = (
			);
			name = "Copy Pods Resources";
			outputPaths = (
			);
			runOnlyForDeploymentPostprocessing = 0;
			shellPath = /bin/sh;
			shellScript = "\"${SRCROOT}/../../Pods/Pods-OpenOnderwijsAPI-demo-resources.sh\"\n";
			showEnvVarsInLog = 0;
		};
/* End PBXShellScriptBuildPhase section */

/* Begin PBXSourcesBuildPhase section */
		928A6ED618E8B4CA00392A6F /* Sources */ = {
			isa = PBXSourcesBuildPhase;
			buildActionMask = 2147483647;
			files = (
				928A6EEA18E8B4CA00392A6F /* main.m in Sources */,
				928A6EEE18E8B4CA00392A6F /* AppDelegate.m in Sources */,
				928A6EF418E8B4CB00392A6F /* ViewController.m in Sources */,
			);
			runOnlyForDeploymentPostprocessing = 0;
		};
		928A6EF718E8B4CB00392A6F /* Sources */ = {
			isa = PBXSourcesBuildPhase;
			buildActionMask = 2147483647;
			files = (
				928A6F0918E8B4CB00392A6F /* OpenOnderwijsAPI_objcTests.m in Sources */,
			);
			runOnlyForDeploymentPostprocessing = 0;
		};
/* End PBXSourcesBuildPhase section */

/* Begin PBXTargetDependency section */
		928A6F0118E8B4CB00392A6F /* PBXTargetDependency */ = {
			isa = PBXTargetDependency;
			target = 928A6ED918E8B4CA00392A6F /* OpenOnderwijsAPI-demo */;
			targetProxy = 928A6F0018E8B4CB00392A6F /* PBXContainerItemProxy */;
		};
/* End PBXTargetDependency section */

/* Begin PBXVariantGroup section */
		928A6EE618E8B4CA00392A6F /* InfoPlist.strings */ = {
			isa = PBXVariantGroup;
			children = (
				928A6EE718E8B4CA00392A6F /* en */,
			);
			name = InfoPlist.strings;
			sourceTree = "<group>";
		};
		928A6EEF18E8B4CA00392A6F /* Main.storyboard */ = {
			isa = PBXVariantGroup;
			children = (
				928A6EF018E8B4CA00392A6F /* Base */,
			);
			name = Main.storyboard;
			sourceTree = "<group>";
		};
		928A6F0518E8B4CB00392A6F /* InfoPlist.strings */ = {
			isa = PBXVariantGroup;
			children = (
				928A6F0618E8B4CB00392A6F /* en */,
			);
			name = InfoPlist.strings;
			sourceTree = "<group>";
		};
/* End PBXVariantGroup section */

/* Begin XCBuildConfiguration section */
		928A6F0A18E8B4CB00392A6F /* Debug */ = {
			isa = XCBuildConfiguration;
			buildSettings = {
				ALWAYS_SEARCH_USER_PATHS = NO;
				CLANG_CXX_LANGUAGE_STANDARD = "gnu++0x";
				CLANG_CXX_LIBRARY = "libc++";
				CLANG_ENABLE_MODULES = YES;
				CLANG_ENABLE_OBJC_ARC = YES;
				CLANG_WARN_BOOL_CONVERSION = YES;
				CLANG_WARN_CONSTANT_CONVERSION = YES;
				CLANG_WARN_DIRECT_OBJC_ISA_USAGE = YES_ERROR;
				CLANG_WARN_EMPTY_BODY = YES;
				CLANG_WARN_ENUM_CONVERSION = YES;
				CLANG_WARN_INT_CONVERSION = YES;
				CLANG_WARN_OBJC_ROOT_CLASS = YES_ERROR;
				CLANG_WARN__DUPLICATE_METHOD_MATCH = YES;
				"CODE_SIGN_IDENTITY[sdk=iphoneos*]" = "iPhone Developer";
				COPY_PHASE_STRIP = NO;
				GCC_C_LANGUAGE_STANDARD = gnu99;
				GCC_DYNAMIC_NO_PIC = NO;
				GCC_OPTIMIZATION_LEVEL = 0;
				GCC_PREPROCESSOR_DEFINITIONS = (
					"DEBUG=1",
					"$(inherited)",
				);
				GCC_SYMBOLS_PRIVATE_EXTERN = NO;
				GCC_WARN_64_TO_32_BIT_CONVERSION = YES;
				GCC_WARN_ABOUT_RETURN_TYPE = YES_ERROR;
				GCC_WARN_UNDECLARED_SELECTOR = YES;
				GCC_WARN_UNINITIALIZED_AUTOS = YES_AGGRESSIVE;
				GCC_WARN_UNUSED_FUNCTION = YES;
				GCC_WARN_UNUSED_VARIABLE = YES;
				IPHONEOS_DEPLOYMENT_TARGET = 7.1;
				ONLY_ACTIVE_ARCH = YES;
				SDKROOT = iphoneos;
			};
			name = Debug;
		};
		928A6F0B18E8B4CB00392A6F /* Release */ = {
			isa = XCBuildConfiguration;
			buildSettings = {
				ALWAYS_SEARCH_USER_PATHS = NO;
				CLANG_CXX_LANGUAGE_STANDARD = "gnu++0x";
				CLANG_CXX_LIBRARY = "libc++";
				CLANG_ENABLE_MODULES = YES;
				CLANG_ENABLE_OBJC_ARC = YES;
				CLANG_WARN_BOOL_CONVERSION = YES;
				CLANG_WARN_CONSTANT_CONVERSION = YES;
				CLANG_WARN_DIRECT_OBJC_ISA_USAGE = YES_ERROR;
				CLANG_WARN_EMPTY_BODY = YES;
				CLANG_WARN_ENUM_CONVERSION = YES;
				CLANG_WARN_INT_CONVERSION = YES;
				CLANG_WARN_OBJC_ROOT_CLASS = YES_ERROR;
				CLANG_WARN__DUPLICATE_METHOD_MATCH = YES;
				"CODE_SIGN_IDENTITY[sdk=iphoneos*]" = "iPhone Developer";
				COPY_PHASE_STRIP = YES;
				ENABLE_NS_ASSERTIONS = NO;
				GCC_C_LANGUAGE_STANDARD = gnu99;
				GCC_WARN_64_TO_32_BIT_CONVERSION = YES;
				GCC_WARN_ABOUT_RETURN_TYPE = YES_ERROR;
				GCC_WARN_UNDECLARED_SELECTOR = YES;
				GCC_WARN_UNINITIALIZED_AUTOS = YES_AGGRESSIVE;
				GCC_WARN_UNUSED_FUNCTION = YES;
				GCC_WARN_UNUSED_VARIABLE = YES;
				IPHONEOS_DEPLOYMENT_TARGET = 7.1;
				SDKROOT = iphoneos;
				VALIDATE_PRODUCT = YES;
			};
			name = Release;
		};
		928A6F0D18E8B4CB00392A6F /* Debug */ = {
			isa = XCBuildConfiguration;
			baseConfigurationReference = 3B2EA48586E24290A4C37EBA /* Pods-OpenOnderwijsAPI-demo.xcconfig */;
			buildSettings = {
				ASSETCATALOG_COMPILER_APPICON_NAME = AppIcon;
				ASSETCATALOG_COMPILER_LAUNCHIMAGE_NAME = LaunchImage;
				FRAMEWORK_SEARCH_PATHS = "$(inherited)";
				GCC_PRECOMPILE_PREFIX_HEADER = YES;
				GCC_PREFIX_HEADER = "OpenOnderwijsAPI-objc/OpenOnderwijsAPI-demo-Prefix.pch";
				INFOPLIST_FILE = "OpenOnderwijsAPI-objc/OpenOnderwijsAPI-demo-Info.plist";
				PRODUCT_NAME = "OpenOnderwijsAPI-demo";
				WRAPPER_EXTENSION = app;
			};
			name = Debug;
		};
		928A6F0E18E8B4CB00392A6F /* Release */ = {
			isa = XCBuildConfiguration;
			baseConfigurationReference = 3B2EA48586E24290A4C37EBA /* Pods-OpenOnderwijsAPI-demo.xcconfig */;
			buildSettings = {
				ASSETCATALOG_COMPILER_APPICON_NAME = AppIcon;
				ASSETCATALOG_COMPILER_LAUNCHIMAGE_NAME = LaunchImage;
				FRAMEWORK_SEARCH_PATHS = "$(inherited)";
				GCC_PRECOMPILE_PREFIX_HEADER = YES;
				GCC_PREFIX_HEADER = "OpenOnderwijsAPI-objc/OpenOnderwijsAPI-demo-Prefix.pch";
				INFOPLIST_FILE = "OpenOnderwijsAPI-objc/OpenOnderwijsAPI-demo-Info.plist";
				PRODUCT_NAME = "OpenOnderwijsAPI-demo";
				WRAPPER_EXTENSION = app;
			};
			name = Release;
		};
		928A6F1018E8B4CB00392A6F /* Debug */ = {
			isa = XCBuildConfiguration;
			buildSettings = {
				BUNDLE_LOADER = "$(BUILT_PRODUCTS_DIR)/OpenOnderwijsAPI-objc.app/OpenOnderwijsAPI-objc";
				FRAMEWORK_SEARCH_PATHS = (
					"$(SDKROOT)/Developer/Library/Frameworks",
					"$(inherited)",
					"$(DEVELOPER_FRAMEWORKS_DIR)",
				);
				GCC_PRECOMPILE_PREFIX_HEADER = YES;
				GCC_PREFIX_HEADER = "OpenOnderwijsAPI-objc/OpenOnderwijsAPI-objc-Prefix.pch";
				GCC_PREPROCESSOR_DEFINITIONS = (
					"DEBUG=1",
					"$(inherited)",
				);
				INFOPLIST_FILE = "OpenOnderwijsAPI-objcTests/OpenOnderwijsAPI-demoTests-Info.plist";
				PRODUCT_NAME = "OpenOnderwijsAPI-demoTests";
				TEST_HOST = "$(BUNDLE_LOADER)";
				WRAPPER_EXTENSION = xctest;
			};
			name = Debug;
		};
		928A6F1118E8B4CB00392A6F /* Release */ = {
			isa = XCBuildConfiguration;
			buildSettings = {
				BUNDLE_LOADER = "$(BUILT_PRODUCTS_DIR)/OpenOnderwijsAPI-objc.app/OpenOnderwijsAPI-objc";
				FRAMEWORK_SEARCH_PATHS = (
					"$(SDKROOT)/Developer/Library/Frameworks",
					"$(inherited)",
					"$(DEVELOPER_FRAMEWORKS_DIR)",
				);
				GCC_PRECOMPILE_PREFIX_HEADER = YES;
				GCC_PREFIX_HEADER = "OpenOnderwijsAPI-objc/OpenOnderwijsAPI-objc-Prefix.pch";
				INFOPLIST_FILE = "OpenOnderwijsAPI-objcTests/OpenOnderwijsAPI-demoTests-Info.plist";
				PRODUCT_NAME = "OpenOnderwijsAPI-demoTests";
				TEST_HOST = "$(BUNDLE_LOADER)";
				WRAPPER_EXTENSION = xctest;
			};
			name = Release;
		};
/* End XCBuildConfiguration section */

/* Begin XCConfigurationList section */
		928A6ED518E8B4CA00392A6F /* Build configuration list for PBXProject "OpenOnderwijsAPI-demo" */ = {
			isa = XCConfigurationList;
			buildConfigurations = (
				928A6F0A18E8B4CB00392A6F /* Debug */,
				928A6F0B18E8B4CB00392A6F /* Release */,
			);
			defaultConfigurationIsVisible = 0;
			defaultConfigurationName = Release;
		};
		928A6F0C18E8B4CB00392A6F /* Build configuration list for PBXNativeTarget "OpenOnderwijsAPI-demo" */ = {
			isa = XCConfigurationList;
			buildConfigurations = (
				928A6F0D18E8B4CB00392A6F /* Debug */,
				928A6F0E18E8B4CB00392A6F /* Release */,
			);
			defaultConfigurationIsVisible = 0;
			defaultConfigurationName = Release;
		};
		928A6F0F18E8B4CB00392A6F /* Build configuration list for PBXNativeTarget "OpenOnderwijsAPI-demoTests" */ = {
			isa = XCConfigurationList;
			buildConfigurations = (
				928A6F1018E8B4CB00392A6F /* Debug */,
				928A6F1118E8B4CB00392A6F /* Release */,
			);
			defaultConfigurationIsVisible = 0;
			defaultConfigurationName = Release;
		};
/* End XCConfigurationList section */
	};
	rootObject = 928A6ED218E8B4CA00392A6F /* Project object */;
}
